
Microsoft Visual Studio Solution File, Format Version 12.00
# Visual Studio Version 17
VisualStudioVersion = 17.2.32526.322
MinimumVisualStudioVersion = 10.0.40219.1
Project("{2150E333-8FDC-42A3-9474-1A3956D46DE8}") = "src", "src", "{4D6802BD-E059-474A-8456-9FD31D0DA1A0}"
EndProject
Project("{9A19103F-16F7-4668-BE54-9A1E7A4F7556}") = "AIaaS.WebAPI", "src\AIaaS.WebAPI\AIaaS.WebAPI.csproj", "{7AE09F0C-C5C2-4D34-8C7B-3A8489785E1C}"
EndProject
Project("{2150E333-8FDC-42A3-9474-1A3956D46DE8}") = "tests", "tests", "{5C7CB6F1-FB0E-48E5-B630-238F99BEAA57}"
EndProject
Project("{2150E333-8FDC-42A3-9474-1A3956D46DE8}") = "Solution Items", "Solution Items", "{C54E26B2-B1A2-4AB9-8003-4B4360C0BA94}"
	ProjectSection(SolutionItems) = preProject
		.circleci\config.yml = .circleci\config.yml
		deploy.sh = deploy.sh
		ef.txt = ef.txt
		nginx.conf = nginx.conf
		nginx.txt = nginx.txt
	EndProjectSection
EndProject
Project("{9A19103F-16F7-4668-BE54-9A1E7A4F7556}") = "AIaaS.Domain", "src\AIaaS.Domain\AIaaS.Domain.csproj", "{E82BDC69-5F73-4084-989F-DDAA2504D3DB}"
EndProject
Project("{9A19103F-16F7-4668-BE54-9A1E7A4F7556}") = "AIaaS.Application", "src\AIaaS.Application\AIaaS.Application.csproj", "{064BDD98-1FB9-40DE-AAD9-B95392869614}"
EndProject
Project("{9A19103F-16F7-4668-BE54-9A1E7A4F7556}") = "AIaaS.Infrastructure", "src\AIaaS.Infrastructure\AIaaS.Infrastructure.csproj", "{F08C7E4B-E5A9-491E-9531-07B661DCE657}"
EndProject
Global
	GlobalSection(SolutionConfigurationPlatforms) = preSolution
		Debug|Any CPU = Debug|Any CPU
		Release|Any CPU = Release|Any CPU
	EndGlobalSection
	GlobalSection(ProjectConfigurationPlatforms) = postSolution
		{7AE09F0C-C5C2-4D34-8C7B-3A8489785E1C}.Debug|Any CPU.ActiveCfg = Debug|Any CPU
		{7AE09F0C-C5C2-4D34-8C7B-3A8489785E1C}.Debug|Any CPU.Build.0 = Debug|Any CPU
		{7AE09F0C-C5C2-4D34-8C7B-3A8489785E1C}.Release|Any CPU.ActiveCfg = Release|Any CPU
		{7AE09F0C-C5C2-4D34-8C7B-3A8489785E1C}.Release|Any CPU.Build.0 = Release|Any CPU	
		{E82BDC69-5F73-4084-989F-DDAA2504D3DB}.Debug|Any CPU.ActiveCfg = Debug|Any CPU
		{E82BDC69-5F73-4084-989F-DDAA2504D3DB}.Debug|Any CPU.Build.0 = Debug|Any CPU
		{E82BDC69-5F73-4084-989F-DDAA2504D3DB}.Release|Any CPU.ActiveCfg = Release|Any CPU
		{E82BDC69-5F73-4084-989F-DDAA2504D3DB}.Release|Any CPU.Build.0 = Release|Any CPU
		{064BDD98-1FB9-40DE-AAD9-B95392869614}.Debug|Any CPU.ActiveCfg = Debug|Any CPU
		{064BDD98-1FB9-40DE-AAD9-B95392869614}.Debug|Any CPU.Build.0 = Debug|Any CPU
		{064BDD98-1FB9-40DE-AAD9-B95392869614}.Release|Any CPU.ActiveCfg = Release|Any CPU
		{064BDD98-1FB9-40DE-AAD9-B95392869614}.Release|Any CPU.Build.0 = Release|Any CPU
		{F08C7E4B-E5A9-491E-9531-07B661DCE657}.Debug|Any CPU.ActiveCfg = Debug|Any CPU
		{F08C7E4B-E5A9-491E-9531-07B661DCE657}.Debug|Any CPU.Build.0 = Debug|Any CPU
		{F08C7E4B-E5A9-491E-9531-07B661DCE657}.Release|Any CPU.ActiveCfg = Release|Any CPU
		{F08C7E4B-E5A9-491E-9531-07B661DCE657}.Release|Any CPU.Build.0 = Release|Any CPU
	EndGlobalSection
	GlobalSection(SolutionProperties) = preSolution
		HideSolutionNode = FALSE
	EndGlobalSection
	GlobalSection(NestedProjects) = preSolution
		{7AE09F0C-C5C2-4D34-8C7B-3A8489785E1C} = {4D6802BD-E059-474A-8456-9FD31D0DA1A0}
		{E82BDC69-5F73-4084-989F-DDAA2504D3DB} = {4D6802BD-E059-474A-8456-9FD31D0DA1A0}
		{064BDD98-1FB9-40DE-AAD9-B95392869614} = {4D6802BD-E059-474A-8456-9FD31D0DA1A0}
		{F08C7E4B-E5A9-491E-9531-07B661DCE657} = {4D6802BD-E059-474A-8456-9FD31D0DA1A0}
	EndGlobalSection
	GlobalSection(ExtensibilityGlobals) = postSolution
		SolutionGuid = {7317BCBF-D442-493D-8A0A-0B398629B7DE}
	EndGlobalSection
EndGlobal
